
Microsoft Visual Studio Solution File, Format Version 12.00
# Visual Studio 15
VisualStudioVersion = 15.0.27130.2020
MinimumVisualStudioVersion = 10.0.40219.1
Project("{8BC9CEB8-8B4A-11D0-8D11-00A0C91BC942}") = "TestBrainTour", "TestProj1\TestProj1.vcxproj", "{C26AE06C-F0AA-4C19-AA75-C961D7E37129}"
EndProject
Project("{8BC9CEB8-8B4A-11D0-8D11-00A0C91BC942}") = "OculusSample0", "OculusSample0\OculusSample0.vcxproj", "{C792C4E3-8675-4433-8056-FAD8415EAE04}"
EndProject
Project("{8BC9CEB8-8B4A-11D0-8D11-00A0C91BC942}") = "OculusCudaTest", "OculusCudaTest\OculusCudaTest.vcxproj", "{A6977C3B-F764-491D-A47E-1CA6E43696CA}"
EndProject
Project("{8BC9CEB8-8B4A-11D0-8D11-00A0C91BC942}") = "CreateVolumeDB", "CreateVolumeDB\CreateVolumeDB.vcxproj", "{B5C7AE51-1D45-4903-A686-FDD56438CFE9}"
EndProject
Project("{8BC9CEB8-8B4A-11D0-8D11-00A0C91BC942}") = "VRUserDll", "VRUserDll\VRUserDll.vcxproj", "{58F791F6-629F-4ABC-8504-CA04EFE7050A}"
EndProject
Project("{8BC9CEB8-8B4A-11D0-8D11-00A0C91BC942}") = "K8UserDll", "K8UserDll\K8UserDll.vcxproj", "{0DF789FC-DF7D-4CF3-BE57-7A0D4FF960C0}"
EndProject
Global
	GlobalSection(SolutionConfigurationPlatforms) = preSolution
		Debug|Any CPU = Debug|Any CPU
		Debug|x64 = Debug|x64
		Debug|x86 = Debug|x86
		J40K|Any CPU = J40K|Any CPU
		J40K|x64 = J40K|x64
		J40K|x86 = J40K|x86
		NoHead|Any CPU = NoHead|Any CPU
		NoHead|x64 = NoHead|x64
		NoHead|x86 = NoHead|x86
		Release|Any CPU = Release|Any CPU
		Release|x64 = Release|x64
		Release|x86 = Release|x86
	EndGlobalSection
	GlobalSection(ProjectConfigurationPlatforms) = postSolution
		{C26AE06C-F0AA-4C19-AA75-C961D7E37129}.Debug|Any CPU.ActiveCfg = Debug|Win32
		{C26AE06C-F0AA-4C19-AA75-C961D7E37129}.Debug|x64.ActiveCfg = Debug|x64
		{C26AE06C-F0AA-4C19-AA75-C961D7E37129}.Debug|x64.Build.0 = Debug|x64
		{C26AE06C-F0AA-4C19-AA75-C961D7E37129}.Debug|x86.ActiveCfg = Debug|Win32
		{C26AE06C-F0AA-4C19-AA75-C961D7E37129}.Debug|x86.Build.0 = Debug|Win32
		{C26AE06C-F0AA-4C19-AA75-C961D7E37129}.J40K|Any CPU.ActiveCfg = Release|Win32
		{C26AE06C-F0AA-4C19-AA75-C961D7E37129}.J40K|Any CPU.Build.0 = Release|Win32
		{C26AE06C-F0AA-4C19-AA75-C961D7E37129}.J40K|x64.ActiveCfg = Release|x64
		{C26AE06C-F0AA-4C19-AA75-C961D7E37129}.J40K|x64.Build.0 = Release|x64
		{C26AE06C-F0AA-4C19-AA75-C961D7E37129}.J40K|x86.ActiveCfg = Release|Win32
		{C26AE06C-F0AA-4C19-AA75-C961D7E37129}.J40K|x86.Build.0 = Release|Win32
		{C26AE06C-F0AA-4C19-AA75-C961D7E37129}.NoHead|Any CPU.ActiveCfg = Release|x64
		{C26AE06C-F0AA-4C19-AA75-C961D7E37129}.NoHead|Any CPU.Build.0 = Release|x64
		{C26AE06C-F0AA-4C19-AA75-C961D7E37129}.NoHead|x64.ActiveCfg = Release|x64
		{C26AE06C-F0AA-4C19-AA75-C961D7E37129}.NoHead|x64.Build.0 = Release|x64
		{C26AE06C-F0AA-4C19-AA75-C961D7E37129}.NoHead|x86.ActiveCfg = Release|Win32
		{C26AE06C-F0AA-4C19-AA75-C961D7E37129}.NoHead|x86.Build.0 = Release|Win32
		{C26AE06C-F0AA-4C19-AA75-C961D7E37129}.Release|Any CPU.ActiveCfg = Release|Win32
		{C26AE06C-F0AA-4C19-AA75-C961D7E37129}.Release|x64.ActiveCfg = Release|x64
		{C26AE06C-F0AA-4C19-AA75-C961D7E37129}.Release|x64.Build.0 = Release|x64
		{C26AE06C-F0AA-4C19-AA75-C961D7E37129}.Release|x86.ActiveCfg = Release|Win32
		{C26AE06C-F0AA-4C19-AA75-C961D7E37129}.Release|x86.Build.0 = Release|Win32
		{C792C4E3-8675-4433-8056-FAD8415EAE04}.Debug|Any CPU.ActiveCfg = Debug|Win32
		{C792C4E3-8675-4433-8056-FAD8415EAE04}.Debug|x64.ActiveCfg = Debug|x64
		{C792C4E3-8675-4433-8056-FAD8415EAE04}.Debug|x64.Build.0 = Debug|x64
		{C792C4E3-8675-4433-8056-FAD8415EAE04}.Debug|x86.ActiveCfg = Debug|Win32
		{C792C4E3-8675-4433-8056-FAD8415EAE04}.Debug|x86.Build.0 = Debug|Win32
		{C792C4E3-8675-4433-8056-FAD8415EAE04}.J40K|Any CPU.ActiveCfg = Release|Win32
		{C792C4E3-8675-4433-8056-FAD8415EAE04}.J40K|Any CPU.Build.0 = Release|Win32
		{C792C4E3-8675-4433-8056-FAD8415EAE04}.J40K|x64.ActiveCfg = Release|x64
		{C792C4E3-8675-4433-8056-FAD8415EAE04}.J40K|x64.Build.0 = Release|x64
		{C792C4E3-8675-4433-8056-FAD8415EAE04}.J40K|x86.ActiveCfg = Release|Win32
		{C792C4E3-8675-4433-8056-FAD8415EAE04}.J40K|x86.Build.0 = Release|Win32
		{C792C4E3-8675-4433-8056-FAD8415EAE04}.NoHead|Any CPU.ActiveCfg = Release|x64
		{C792C4E3-8675-4433-8056-FAD8415EAE04}.NoHead|Any CPU.Build.0 = Release|x64
		{C792C4E3-8675-4433-8056-FAD8415EAE04}.NoHead|x64.ActiveCfg = Release|x64
		{C792C4E3-8675-4433-8056-FAD8415EAE04}.NoHead|x64.Build.0 = Release|x64
		{C792C4E3-8675-4433-8056-FAD8415EAE04}.NoHead|x86.ActiveCfg = Release|Win32
		{C792C4E3-8675-4433-8056-FAD8415EAE04}.NoHead|x86.Build.0 = Release|Win32
		{C792C4E3-8675-4433-8056-FAD8415EAE04}.Release|Any CPU.ActiveCfg = Release|Win32
		{C792C4E3-8675-4433-8056-FAD8415EAE04}.Release|x64.ActiveCfg = Release|x64
		{C792C4E3-8675-4433-8056-FAD8415EAE04}.Release|x64.Build.0 = Release|x64
		{C792C4E3-8675-4433-8056-FAD8415EAE04}.Release|x86.ActiveCfg = Release|Win32
		{C792C4E3-8675-4433-8056-FAD8415EAE04}.Release|x86.Build.0 = Release|Win32
		{A6977C3B-F764-491D-A47E-1CA6E43696CA}.Debug|Any CPU.ActiveCfg = Debug|Win32
		{A6977C3B-F764-491D-A47E-1CA6E43696CA}.Debug|x64.ActiveCfg = Debug|x64
		{A6977C3B-F764-491D-A47E-1CA6E43696CA}.Debug|x64.Build.0 = Debug|x64
		{A6977C3B-F764-491D-A47E-1CA6E43696CA}.Debug|x86.ActiveCfg = Debug|Win32
		{A6977C3B-F764-491D-A47E-1CA6E43696CA}.Debug|x86.Build.0 = Debug|Win32
		{A6977C3B-F764-491D-A47E-1CA6E43696CA}.J40K|Any CPU.ActiveCfg = J40K|Win32
		{A6977C3B-F764-491D-A47E-1CA6E43696CA}.J40K|x64.ActiveCfg = J40K|x64
		{A6977C3B-F764-491D-A47E-1CA6E43696CA}.J40K|x64.Build.0 = J40K|x64
		{A6977C3B-F764-491D-A47E-1CA6E43696CA}.J40K|x86.ActiveCfg = J40K|Win32
		{A6977C3B-F764-491D-A47E-1CA6E43696CA}.J40K|x86.Build.0 = J40K|Win32
		{A6977C3B-F764-491D-A47E-1CA6E43696CA}.NoHead|Any CPU.ActiveCfg = NoHead|x64
		{A6977C3B-F764-491D-A47E-1CA6E43696CA}.NoHead|Any CPU.Build.0 = NoHead|x64
		{A6977C3B-F764-491D-A47E-1CA6E43696CA}.NoHead|x64.ActiveCfg = NoHead|x64
		{A6977C3B-F764-491D-A47E-1CA6E43696CA}.NoHead|x64.Build.0 = NoHead|x64
		{A6977C3B-F764-491D-A47E-1CA6E43696CA}.NoHead|x86.ActiveCfg = NoHead|Win32
		{A6977C3B-F764-491D-A47E-1CA6E43696CA}.NoHead|x86.Build.0 = NoHead|Win32
		{A6977C3B-F764-491D-A47E-1CA6E43696CA}.Release|Any CPU.ActiveCfg = Release|Win32
		{A6977C3B-F764-491D-A47E-1CA6E43696CA}.Release|x64.ActiveCfg = Release|x64
		{A6977C3B-F764-491D-A47E-1CA6E43696CA}.Release|x64.Build.0 = Release|x64
		{A6977C3B-F764-491D-A47E-1CA6E43696CA}.Release|x86.ActiveCfg = Release|Win32
		{A6977C3B-F764-491D-A47E-1CA6E43696CA}.Release|x86.Build.0 = Release|Win32
		{B5C7AE51-1D45-4903-A686-FDD56438CFE9}.Debug|Any CPU.ActiveCfg = Debug|Win32
		{B5C7AE51-1D45-4903-A686-FDD56438CFE9}.Debug|x64.ActiveCfg = Debug|x64
		{B5C7AE51-1D45-4903-A686-FDD56438CFE9}.Debug|x64.Build.0 = Debug|x64
		{B5C7AE51-1D45-4903-A686-FDD56438CFE9}.Debug|x86.ActiveCfg = Debug|Win32
		{B5C7AE51-1D45-4903-A686-FDD56438CFE9}.Debug|x86.Build.0 = Debug|Win32
		{B5C7AE51-1D45-4903-A686-FDD56438CFE9}.J40K|Any CPU.ActiveCfg = Release|Win32
		{B5C7AE51-1D45-4903-A686-FDD56438CFE9}.J40K|Any CPU.Build.0 = Release|Win32
		{B5C7AE51-1D45-4903-A686-FDD56438CFE9}.J40K|x64.ActiveCfg = Release|x64
		{B5C7AE51-1D45-4903-A686-FDD56438CFE9}.J40K|x64.Build.0 = Release|x64
		{B5C7AE51-1D45-4903-A686-FDD56438CFE9}.J40K|x86.ActiveCfg = Release|Win32
		{B5C7AE51-1D45-4903-A686-FDD56438CFE9}.J40K|x86.Build.0 = Release|Win32
		{B5C7AE51-1D45-4903-A686-FDD56438CFE9}.NoHead|Any CPU.ActiveCfg = Release|x64
		{B5C7AE51-1D45-4903-A686-FDD56438CFE9}.NoHead|Any CPU.Build.0 = Release|x64
		{B5C7AE51-1D45-4903-A686-FDD56438CFE9}.NoHead|x64.ActiveCfg = Release|x64
		{B5C7AE51-1D45-4903-A686-FDD56438CFE9}.NoHead|x64.Build.0 = Release|x64
		{B5C7AE51-1D45-4903-A686-FDD56438CFE9}.NoHead|x86.ActiveCfg = Release|Win32
		{B5C7AE51-1D45-4903-A686-FDD56438CFE9}.NoHead|x86.Build.0 = Release|Win32
		{B5C7AE51-1D45-4903-A686-FDD56438CFE9}.Release|Any CPU.ActiveCfg = Release|Win32
		{B5C7AE51-1D45-4903-A686-FDD56438CFE9}.Release|x64.ActiveCfg = Release|x64
		{B5C7AE51-1D45-4903-A686-FDD56438CFE9}.Release|x64.Build.0 = Release|x64
		{B5C7AE51-1D45-4903-A686-FDD56438CFE9}.Release|x86.ActiveCfg = Release|Win32
		{B5C7AE51-1D45-4903-A686-FDD56438CFE9}.Release|x86.Build.0 = Release|Win32
		{58F791F6-629F-4ABC-8504-CA04EFE7050A}.Debug|Any CPU.ActiveCfg = Debug|Win32
		{58F791F6-629F-4ABC-8504-CA04EFE7050A}.Debug|x64.ActiveCfg = Debug|x64
		{58F791F6-629F-4ABC-8504-CA04EFE7050A}.Debug|x64.Build.0 = Debug|x64
		{58F791F6-629F-4ABC-8504-CA04EFE7050A}.Debug|x86.ActiveCfg = Debug|Win32
		{58F791F6-629F-4ABC-8504-CA04EFE7050A}.Debug|x86.Build.0 = Debug|Win32
		{58F791F6-629F-4ABC-8504-CA04EFE7050A}.J40K|Any CPU.ActiveCfg = Release|x64
		{58F791F6-629F-4ABC-8504-CA04EFE7050A}.J40K|Any CPU.Build.0 = Release|x64
		{58F791F6-629F-4ABC-8504-CA04EFE7050A}.J40K|x64.ActiveCfg = Release|x64
		{58F791F6-629F-4ABC-8504-CA04EFE7050A}.J40K|x64.Build.0 = Release|x64
		{58F791F6-629F-4ABC-8504-CA04EFE7050A}.J40K|x86.ActiveCfg = Release|Win32
		{58F791F6-629F-4ABC-8504-CA04EFE7050A}.J40K|x86.Build.0 = Release|Win32
		{58F791F6-629F-4ABC-8504-CA04EFE7050A}.NoHead|Any CPU.ActiveCfg = Release|x64
		{58F791F6-629F-4ABC-8504-CA04EFE7050A}.NoHead|Any CPU.Build.0 = Release|x64
		{58F791F6-629F-4ABC-8504-CA04EFE7050A}.NoHead|x64.ActiveCfg = Release|x64
		{58F791F6-629F-4ABC-8504-CA04EFE7050A}.NoHead|x64.Build.0 = Release|x64
		{58F791F6-629F-4ABC-8504-CA04EFE7050A}.NoHead|x86.ActiveCfg = Release|Win32
		{58F791F6-629F-4ABC-8504-CA04EFE7050A}.NoHead|x86.Build.0 = Release|Win32
		{58F791F6-629F-4ABC-8504-CA04EFE7050A}.Release|Any CPU.ActiveCfg = Release|Win32
		{58F791F6-629F-4ABC-8504-CA04EFE7050A}.Release|x64.ActiveCfg = Release|x64
		{58F791F6-629F-4ABC-8504-CA04EFE7050A}.Release|x64.Build.0 = Release|x64
		{58F791F6-629F-4ABC-8504-CA04EFE7050A}.Release|x86.ActiveCfg = Release|Win32
		{58F791F6-629F-4ABC-8504-CA04EFE7050A}.Release|x86.Build.0 = Release|Win32
		{0DF789FC-DF7D-4CF3-BE57-7A0D4FF960C0}.Debug|Any CPU.ActiveCfg = Debug|Win32
		{0DF789FC-DF7D-4CF3-BE57-7A0D4FF960C0}.Debug|x64.ActiveCfg = Debug|x64
		{0DF789FC-DF7D-4CF3-BE57-7A0D4FF960C0}.Debug|x64.Build.0 = Debug|x64
		{0DF789FC-DF7D-4CF3-BE57-7A0D4FF960C0}.Debug|x86.ActiveCfg = Debug|Win32
		{0DF789FC-DF7D-4CF3-BE57-7A0D4FF960C0}.Debug|x86.Build.0 = Debug|Win32
		{0DF789FC-DF7D-4CF3-BE57-7A0D4FF960C0}.J40K|Any CPU.ActiveCfg = Release|x64
		{0DF789FC-DF7D-4CF3-BE57-7A0D4FF960C0}.J40K|Any CPU.Build.0 = Release|x64
		{0DF789FC-DF7D-4CF3-BE57-7A0D4FF960C0}.J40K|x64.ActiveCfg = Release|x64
		{0DF789FC-DF7D-4CF3-BE57-7A0D4FF960C0}.J40K|x64.Build.0 = Release|x64
		{0DF789FC-DF7D-4CF3-BE57-7A0D4FF960C0}.J40K|x86.ActiveCfg = Release|Win32
		{0DF789FC-DF7D-4CF3-BE57-7A0D4FF960C0}.J40K|x86.Build.0 = Release|Win32
		{0DF789FC-DF7D-4CF3-BE57-7A0D4FF960C0}.NoHead|Any CPU.ActiveCfg = Release|x64
		{0DF789FC-DF7D-4CF3-BE57-7A0D4FF960C0}.NoHead|Any CPU.Build.0 = Release|x64
		{0DF789FC-DF7D-4CF3-BE57-7A0D4FF960C0}.NoHead|x64.ActiveCfg = Release|x64
		{0DF789FC-DF7D-4CF3-BE57-7A0D4FF960C0}.NoHead|x64.Build.0 = Release|x64
		{0DF789FC-DF7D-4CF3-BE57-7A0D4FF960C0}.NoHead|x86.ActiveCfg = Release|Win32
		{0DF789FC-DF7D-4CF3-BE57-7A0D4FF960C0}.NoHead|x86.Build.0 = Release|Win32
		{0DF789FC-DF7D-4CF3-BE57-7A0D4FF960C0}.Release|Any CPU.ActiveCfg = Release|Win32
		{0DF789FC-DF7D-4CF3-BE57-7A0D4FF960C0}.Release|x64.ActiveCfg = Release|x64
		{0DF789FC-DF7D-4CF3-BE57-7A0D4FF960C0}.Release|x64.Build.0 = Release|x64
		{0DF789FC-DF7D-4CF3-BE57-7A0D4FF960C0}.Release|x86.ActiveCfg = Release|Win32
		{0DF789FC-DF7D-4CF3-BE57-7A0D4FF960C0}.Release|x86.Build.0 = Release|Win32
	EndGlobalSection
	GlobalSection(SolutionProperties) = preSolution
		HideSolutionNode = FALSE
	EndGlobalSection
	GlobalSection(ExtensibilityGlobals) = postSolution
		SolutionGuid = {78F00579-1C19-46E6-B610-B8E04C2D5815}
	EndGlobalSection
EndGlobal
